// !$*UTF8*$!
{
	archiveVersion = 1;
	classes = {
	};
	objectVersion = 46;
	objects = {

/* Begin PBXBuildFile section */
		166A031BDAED46DCBD352937 /* Pods_TB_Client_BuyerUITests.framework in Frameworks */ = {isa = PBXBuildFile; fileRef = C40D49AEE6517DD03886DD36 /* Pods_TB_Client_BuyerUITests.framework */; };
		3B1F1F0BEC4477AB32527E2E /* Pods_TB_Client_Buyer.framework in Frameworks */ = {isa = PBXBuildFile; fileRef = 1201FCED0FE00765343D85C0 /* Pods_TB_Client_Buyer.framework */; };
		AF047EC11CBBBB7300E73B0A /* ViewControllerPayement.swift in Sources */ = {isa = PBXBuildFile; fileRef = AF047EC01CBBBB7200E73B0A /* ViewControllerPayement.swift */; };
		AF0DB8A71CEF36E500F4E17A /* ReceiptPayDTO.swift in Sources */ = {isa = PBXBuildFile; fileRef = AF0DB8A61CEF36E500F4E17A /* ReceiptPayDTO.swift */; };
		AF2B48271CE9E7190083913E /* Settings.bundle in Resources */ = {isa = PBXBuildFile; fileRef = AF2B48261CE9E7190083913E /* Settings.bundle */; };
		AF2B48291CE9F1EE0083913E /* Settings.swift in Sources */ = {isa = PBXBuildFile; fileRef = AF2B48281CE9F1EE0083913E /* Settings.swift */; };
		AF2D12E11CF31D8F007661CD /* MessageDTO.swift in Sources */ = {isa = PBXBuildFile; fileRef = AF2D12E01CF31D8F007661CD /* MessageDTO.swift */; };
		AF537ECB1CB5C12E006F6879 /* ViewControllerMenu.swift in Sources */ = {isa = PBXBuildFile; fileRef = AF537ECA1CB5C12E006F6879 /* ViewControllerMenu.swift */; };
		AF537ECD1CB5C39F006F6879 /* ViewControllerQR.swift in Sources */ = {isa = PBXBuildFile; fileRef = AF537ECC1CB5C39F006F6879 /* ViewControllerQR.swift */; };
		AF537ECF1CB5C3CA006F6879 /* ViewControllerBLE.swift in Sources */ = {isa = PBXBuildFile; fileRef = AF537ECE1CB5C3CA006F6879 /* ViewControllerBLE.swift */; };
		AF9082211CB54094003207A2 /* AppDelegate.swift in Sources */ = {isa = PBXBuildFile; fileRef = AF9082201CB54094003207A2 /* AppDelegate.swift */; };
		AF9082231CB54094003207A2 /* ViewControllerLogin.swift in Sources */ = {isa = PBXBuildFile; fileRef = AF9082221CB54094003207A2 /* ViewControllerLogin.swift */; };
		AF9082261CB54094003207A2 /* Main.storyboard in Resources */ = {isa = PBXBuildFile; fileRef = AF9082241CB54094003207A2 /* Main.storyboard */; };
		AF9082281CB54094003207A2 /* Assets.xcassets in Resources */ = {isa = PBXBuildFile; fileRef = AF9082271CB54094003207A2 /* Assets.xcassets */; };
		AF90822B1CB54094003207A2 /* LaunchScreen.storyboard in Resources */ = {isa = PBXBuildFile; fileRef = AF9082291CB54094003207A2 /* LaunchScreen.storyboard */; };
		AF9082361CB54094003207A2 /* TB_Client_BuyerTests.swift in Sources */ = {isa = PBXBuildFile; fileRef = AF9082351CB54094003207A2 /* TB_Client_BuyerTests.swift */; };
		AF9082411CB54094003207A2 /* TB_Client_BuyerUITests.swift in Sources */ = {isa = PBXBuildFile; fileRef = AF9082401CB54094003207A2 /* TB_Client_BuyerUITests.swift */; };
		AFA8DE391CD245970050582C /* font-awesome.css in Resources */ = {isa = PBXBuildFile; fileRef = AFA8DE111CD245970050582C /* font-awesome.css */; };
		AFA8DE3A1CD245970050582C /* font-awesome.min.css in Resources */ = {isa = PBXBuildFile; fileRef = AFA8DE121CD245970050582C /* font-awesome.min.css */; };
		AFA8DE3B1CD245970050582C /* fontawesome-webfont.eot in Resources */ = {isa = PBXBuildFile; fileRef = AFA8DE141CD245970050582C /* fontawesome-webfont.eot */; };
		AFA8DE3C1CD245970050582C /* fontawesome-webfont.svg in Resources */ = {isa = PBXBuildFile; fileRef = AFA8DE151CD245970050582C /* fontawesome-webfont.svg */; };
		AFA8DE3D1CD245970050582C /* fontawesome-webfont.ttf in Resources */ = {isa = PBXBuildFile; fileRef = AFA8DE161CD245970050582C /* fontawesome-webfont.ttf */; };
		AFA8DE3E1CD245970050582C /* fontawesome-webfont.woff in Resources */ = {isa = PBXBuildFile; fileRef = AFA8DE171CD245970050582C /* fontawesome-webfont.woff */; };
		AFA8DE3F1CD245970050582C /* fontawesome-webfont.woff2 in Resources */ = {isa = PBXBuildFile; fileRef = AFA8DE181CD245970050582C /* fontawesome-webfont.woff2 */; };
		AFA8DE401CD245970050582C /* FontAwesome.otf in Resources */ = {isa = PBXBuildFile; fileRef = AFA8DE191CD245970050582C /* FontAwesome.otf */; };
		AFA8DE411CD245970050582C /* HELP-US-OUT.txt in Resources */ = {isa = PBXBuildFile; fileRef = AFA8DE1A1CD245970050582C /* HELP-US-OUT.txt */; };
		AFA8DE421CD245970050582C /* animated.less in Resources */ = {isa = PBXBuildFile; fileRef = AFA8DE1C1CD245970050582C /* animated.less */; };
		AFA8DE431CD245970050582C /* bordered-pulled.less in Resources */ = {isa = PBXBuildFile; fileRef = AFA8DE1D1CD245970050582C /* bordered-pulled.less */; };
		AFA8DE441CD245970050582C /* core.less in Resources */ = {isa = PBXBuildFile; fileRef = AFA8DE1E1CD245970050582C /* core.less */; };
		AFA8DE451CD245970050582C /* fixed-width.less in Resources */ = {isa = PBXBuildFile; fileRef = AFA8DE1F1CD245970050582C /* fixed-width.less */; };
		AFA8DE461CD245970050582C /* font-awesome.less in Resources */ = {isa = PBXBuildFile; fileRef = AFA8DE201CD245970050582C /* font-awesome.less */; };
		AFA8DE471CD245970050582C /* icons.less in Resources */ = {isa = PBXBuildFile; fileRef = AFA8DE211CD245970050582C /* icons.less */; };
		AFA8DE481CD245970050582C /* larger.less in Resources */ = {isa = PBXBuildFile; fileRef = AFA8DE221CD245970050582C /* larger.less */; };
		AFA8DE491CD245970050582C /* list.less in Resources */ = {isa = PBXBuildFile; fileRef = AFA8DE231CD245970050582C /* list.less */; };
		AFA8DE4A1CD245970050582C /* mixins.less in Resources */ = {isa = PBXBuildFile; fileRef = AFA8DE241CD245970050582C /* mixins.less */; };
		AFA8DE4B1CD245970050582C /* path.less in Resources */ = {isa = PBXBuildFile; fileRef = AFA8DE251CD245970050582C /* path.less */; };
		AFA8DE4C1CD245970050582C /* rotated-flipped.less in Resources */ = {isa = PBXBuildFile; fileRef = AFA8DE261CD245970050582C /* rotated-flipped.less */; };
		AFA8DE4D1CD245970050582C /* screen-reader.less in Resources */ = {isa = PBXBuildFile; fileRef = AFA8DE271CD245970050582C /* screen-reader.less */; };
		AFA8DE4E1CD245970050582C /* stacked.less in Resources */ = {isa = PBXBuildFile; fileRef = AFA8DE281CD245970050582C /* stacked.less */; };
		AFA8DE4F1CD245970050582C /* variables.less in Resources */ = {isa = PBXBuildFile; fileRef = AFA8DE291CD245970050582C /* variables.less */; };
		AFA8DE501CD245970050582C /* _animated.scss in Resources */ = {isa = PBXBuildFile; fileRef = AFA8DE2B1CD245970050582C /* _animated.scss */; };
		AFA8DE511CD245970050582C /* _bordered-pulled.scss in Resources */ = {isa = PBXBuildFile; fileRef = AFA8DE2C1CD245970050582C /* _bordered-pulled.scss */; };
		AFA8DE521CD245970050582C /* _core.scss in Resources */ = {isa = PBXBuildFile; fileRef = AFA8DE2D1CD245970050582C /* _core.scss */; };
		AFA8DE531CD245970050582C /* _fixed-width.scss in Resources */ = {isa = PBXBuildFile; fileRef = AFA8DE2E1CD245970050582C /* _fixed-width.scss */; };
		AFA8DE541CD245970050582C /* _icons.scss in Resources */ = {isa = PBXBuildFile; fileRef = AFA8DE2F1CD245970050582C /* _icons.scss */; };
		AFA8DE551CD245970050582C /* _larger.scss in Resources */ = {isa = PBXBuildFile; fileRef = AFA8DE301CD245970050582C /* _larger.scss */; };
		AFA8DE561CD245970050582C /* _list.scss in Resources */ = {isa = PBXBuildFile; fileRef = AFA8DE311CD245970050582C /* _list.scss */; };
		AFA8DE571CD245970050582C /* _mixins.scss in Resources */ = {isa = PBXBuildFile; fileRef = AFA8DE321CD245970050582C /* _mixins.scss */; };
		AFA8DE581CD245970050582C /* _path.scss in Resources */ = {isa = PBXBuildFile; fileRef = AFA8DE331CD245970050582C /* _path.scss */; };
		AFA8DE591CD245970050582C /* _rotated-flipped.scss in Resources */ = {isa = PBXBuildFile; fileRef = AFA8DE341CD245970050582C /* _rotated-flipped.scss */; };
		AFA8DE5A1CD245970050582C /* _screen-reader.scss in Resources */ = {isa = PBXBuildFile; fileRef = AFA8DE351CD245970050582C /* _screen-reader.scss */; };
		AFA8DE5B1CD245970050582C /* _stacked.scss in Resources */ = {isa = PBXBuildFile; fileRef = AFA8DE361CD245970050582C /* _stacked.scss */; };
		AFA8DE5C1CD245970050582C /* _variables.scss in Resources */ = {isa = PBXBuildFile; fileRef = AFA8DE371CD245970050582C /* _variables.scss */; };
		AFA8DE5D1CD245970050582C /* font-awesome.scss in Resources */ = {isa = PBXBuildFile; fileRef = AFA8DE381CD245970050582C /* font-awesome.scss */; };
		AFF5AEE51CC627D10072C215 /* HTTPSSession.swift in Sources */ = {isa = PBXBuildFile; fileRef = AFF5AEE41CC627D10072C215 /* HTTPSSession.swift */; };
		EF4F873FB8B9CB3FDF0D6546 /* Pods_TB_Client_BuyerTests.framework in Frameworks */ = {isa = PBXBuildFile; fileRef = 6C0470D91EAEE0F026102A75 /* Pods_TB_Client_BuyerTests.framework */; };
/* End PBXBuildFile section */

/* Begin PBXContainerItemProxy section */
		AF9082321CB54094003207A2 /* PBXContainerItemProxy */ = {
			isa = PBXContainerItemProxy;
			containerPortal = AF9082151CB54094003207A2 /* Project object */;
			proxyType = 1;
			remoteGlobalIDString = AF90821C1CB54094003207A2;
			remoteInfo = TB_Client_Buyer;
		};
		AF90823D1CB54094003207A2 /* PBXContainerItemProxy */ = {
			isa = PBXContainerItemProxy;
			containerPortal = AF9082151CB54094003207A2 /* Project object */;
			proxyType = 1;
			remoteGlobalIDString = AF90821C1CB54094003207A2;
			remoteInfo = TB_Client_Buyer;
		};
/* End PBXContainerItemProxy section */

/* Begin PBXFileReference section */
		01714B54A722D00A6D57CC0B /* Pods-TB_Client_BuyerTests.debug.xcconfig */ = {isa = PBXFileReference; includeInIndex = 1; lastKnownFileType = text.xcconfig; name = "Pods-TB_Client_BuyerTests.debug.xcconfig"; path = "Pods/Target Support Files/Pods-TB_Client_BuyerTests/Pods-TB_Client_BuyerTests.debug.xcconfig"; sourceTree = "<group>"; };
		0EC999B3F4781E96EEF6A26C /* Pods-TB_Client_Buyer.release.xcconfig */ = {isa = PBXFileReference; includeInIndex = 1; lastKnownFileType = text.xcconfig; name = "Pods-TB_Client_Buyer.release.xcconfig"; path = "Pods/Target Support Files/Pods-TB_Client_Buyer/Pods-TB_Client_Buyer.release.xcconfig"; sourceTree = "<group>"; };
		1201FCED0FE00765343D85C0 /* Pods_TB_Client_Buyer.framework */ = {isa = PBXFileReference; explicitFileType = wrapper.framework; includeInIndex = 0; path = Pods_TB_Client_Buyer.framework; sourceTree = BUILT_PRODUCTS_DIR; };
		285657F07F396FC0E56953E8 /* Pods-TB_Client_BuyerTests.release.xcconfig */ = {isa = PBXFileReference; includeInIndex = 1; lastKnownFileType = text.xcconfig; name = "Pods-TB_Client_BuyerTests.release.xcconfig"; path = "Pods/Target Support Files/Pods-TB_Client_BuyerTests/Pods-TB_Client_BuyerTests.release.xcconfig"; sourceTree = "<group>"; };
		5BCC0CFC8F930701CE58B961 /* Pods-TB_Client_BuyerUITests.debug.xcconfig */ = {isa = PBXFileReference; includeInIndex = 1; lastKnownFileType = text.xcconfig; name = "Pods-TB_Client_BuyerUITests.debug.xcconfig"; path = "Pods/Target Support Files/Pods-TB_Client_BuyerUITests/Pods-TB_Client_BuyerUITests.debug.xcconfig"; sourceTree = "<group>"; };
		6C0470D91EAEE0F026102A75 /* Pods_TB_Client_BuyerTests.framework */ = {isa = PBXFileReference; explicitFileType = wrapper.framework; includeInIndex = 0; path = Pods_TB_Client_BuyerTests.framework; sourceTree = BUILT_PRODUCTS_DIR; };
		AF047EC01CBBBB7200E73B0A /* ViewControllerPayement.swift */ = {isa = PBXFileReference; fileEncoding = 4; lastKnownFileType = sourcecode.swift; path = ViewControllerPayement.swift; sourceTree = "<group>"; };
		AF0DB8A61CEF36E500F4E17A /* ReceiptPayDTO.swift */ = {isa = PBXFileReference; fileEncoding = 4; lastKnownFileType = sourcecode.swift; path = ReceiptPayDTO.swift; sourceTree = "<group>"; };
		AF2B48261CE9E7190083913E /* Settings.bundle */ = {isa = PBXFileReference; lastKnownFileType = "wrapper.plug-in"; path = Settings.bundle; sourceTree = "<group>"; };
		AF2B48281CE9F1EE0083913E /* Settings.swift */ = {isa = PBXFileReference; fileEncoding = 4; lastKnownFileType = sourcecode.swift; path = Settings.swift; sourceTree = "<group>"; };
		AF2D12E01CF31D8F007661CD /* MessageDTO.swift */ = {isa = PBXFileReference; fileEncoding = 4; lastKnownFileType = sourcecode.swift; path = MessageDTO.swift; sourceTree = "<group>"; };
		AF537ECA1CB5C12E006F6879 /* ViewControllerMenu.swift */ = {isa = PBXFileReference; fileEncoding = 4; lastKnownFileType = sourcecode.swift; path = ViewControllerMenu.swift; sourceTree = "<group>"; };
		AF537ECC1CB5C39F006F6879 /* ViewControllerQR.swift */ = {isa = PBXFileReference; fileEncoding = 4; lastKnownFileType = sourcecode.swift; path = ViewControllerQR.swift; sourceTree = "<group>"; };
		AF537ECE1CB5C3CA006F6879 /* ViewControllerBLE.swift */ = {isa = PBXFileReference; fileEncoding = 4; lastKnownFileType = sourcecode.swift; path = ViewControllerBLE.swift; sourceTree = "<group>"; };
		AF90821D1CB54094003207A2 /* TB_Client_Buyer.app */ = {isa = PBXFileReference; explicitFileType = wrapper.application; includeInIndex = 0; path = TB_Client_Buyer.app; sourceTree = BUILT_PRODUCTS_DIR; };
		AF9082201CB54094003207A2 /* AppDelegate.swift */ = {isa = PBXFileReference; lastKnownFileType = sourcecode.swift; path = AppDelegate.swift; sourceTree = "<group>"; };
		AF9082221CB54094003207A2 /* ViewControllerLogin.swift */ = {isa = PBXFileReference; lastKnownFileType = sourcecode.swift; path = ViewControllerLogin.swift; sourceTree = "<group>"; };
		AF9082251CB54094003207A2 /* Base */ = {isa = PBXFileReference; lastKnownFileType = file.storyboard; name = Base; path = Base.lproj/Main.storyboard; sourceTree = "<group>"; };
		AF9082271CB54094003207A2 /* Assets.xcassets */ = {isa = PBXFileReference; lastKnownFileType = folder.assetcatalog; path = Assets.xcassets; sourceTree = "<group>"; };
		AF90822A1CB54094003207A2 /* Base */ = {isa = PBXFileReference; lastKnownFileType = file.storyboard; name = Base; path = Base.lproj/LaunchScreen.storyboard; sourceTree = "<group>"; };
		AF90822C1CB54094003207A2 /* Info.plist */ = {isa = PBXFileReference; lastKnownFileType = text.plist.xml; path = Info.plist; sourceTree = "<group>"; };
		AF9082311CB54094003207A2 /* TB_Client_BuyerTests.xctest */ = {isa = PBXFileReference; explicitFileType = wrapper.cfbundle; includeInIndex = 0; path = TB_Client_BuyerTests.xctest; sourceTree = BUILT_PRODUCTS_DIR; };
		AF9082351CB54094003207A2 /* TB_Client_BuyerTests.swift */ = {isa = PBXFileReference; lastKnownFileType = sourcecode.swift; path = TB_Client_BuyerTests.swift; sourceTree = "<group>"; };
		AF9082371CB54094003207A2 /* Info.plist */ = {isa = PBXFileReference; lastKnownFileType = text.plist.xml; path = Info.plist; sourceTree = "<group>"; };
		AF90823C1CB54094003207A2 /* TB_Client_BuyerUITests.xctest */ = {isa = PBXFileReference; explicitFileType = wrapper.cfbundle; includeInIndex = 0; path = TB_Client_BuyerUITests.xctest; sourceTree = BUILT_PRODUCTS_DIR; };
		AF9082401CB54094003207A2 /* TB_Client_BuyerUITests.swift */ = {isa = PBXFileReference; lastKnownFileType = sourcecode.swift; path = TB_Client_BuyerUITests.swift; sourceTree = "<group>"; };
		AF9082421CB54094003207A2 /* Info.plist */ = {isa = PBXFileReference; lastKnownFileType = text.plist.xml; path = Info.plist; sourceTree = "<group>"; };
		AFA8DE111CD245970050582C /* font-awesome.css */ = {isa = PBXFileReference; fileEncoding = 4; lastKnownFileType = text.css; path = "font-awesome.css"; sourceTree = "<group>"; };
		AFA8DE121CD245970050582C /* font-awesome.min.css */ = {isa = PBXFileReference; fileEncoding = 4; lastKnownFileType = text.css; path = "font-awesome.min.css"; sourceTree = "<group>"; };
		AFA8DE141CD245970050582C /* fontawesome-webfont.eot */ = {isa = PBXFileReference; lastKnownFileType = file; path = "fontawesome-webfont.eot"; sourceTree = "<group>"; };
		AFA8DE151CD245970050582C /* fontawesome-webfont.svg */ = {isa = PBXFileReference; fileEncoding = 4; lastKnownFileType = text.xml; path = "fontawesome-webfont.svg"; sourceTree = "<group>"; };
		AFA8DE161CD245970050582C /* fontawesome-webfont.ttf */ = {isa = PBXFileReference; lastKnownFileType = file; path = "fontawesome-webfont.ttf"; sourceTree = "<group>"; };
		AFA8DE171CD245970050582C /* fontawesome-webfont.woff */ = {isa = PBXFileReference; lastKnownFileType = file; path = "fontawesome-webfont.woff"; sourceTree = "<group>"; };
		AFA8DE181CD245970050582C /* fontawesome-webfont.woff2 */ = {isa = PBXFileReference; lastKnownFileType = file; path = "fontawesome-webfont.woff2"; sourceTree = "<group>"; };
		AFA8DE191CD245970050582C /* FontAwesome.otf */ = {isa = PBXFileReference; lastKnownFileType = file; path = FontAwesome.otf; sourceTree = "<group>"; };
		AFA8DE1A1CD245970050582C /* HELP-US-OUT.txt */ = {isa = PBXFileReference; fileEncoding = 4; lastKnownFileType = text; path = "HELP-US-OUT.txt"; sourceTree = "<group>"; };
		AFA8DE1C1CD245970050582C /* animated.less */ = {isa = PBXFileReference; fileEncoding = 4; lastKnownFileType = text; path = animated.less; sourceTree = "<group>"; };
		AFA8DE1D1CD245970050582C /* bordered-pulled.less */ = {isa = PBXFileReference; fileEncoding = 4; lastKnownFileType = text; path = "bordered-pulled.less"; sourceTree = "<group>"; };
		AFA8DE1E1CD245970050582C /* core.less */ = {isa = PBXFileReference; fileEncoding = 4; lastKnownFileType = text; path = core.less; sourceTree = "<group>"; };
		AFA8DE1F1CD245970050582C /* fixed-width.less */ = {isa = PBXFileReference; fileEncoding = 4; lastKnownFileType = text; path = "fixed-width.less"; sourceTree = "<group>"; };
		AFA8DE201CD245970050582C /* font-awesome.less */ = {isa = PBXFileReference; fileEncoding = 4; lastKnownFileType = text; path = "font-awesome.less"; sourceTree = "<group>"; };
		AFA8DE211CD245970050582C /* icons.less */ = {isa = PBXFileReference; fileEncoding = 4; lastKnownFileType = text; path = icons.less; sourceTree = "<group>"; };
		AFA8DE221CD245970050582C /* larger.less */ = {isa = PBXFileReference; fileEncoding = 4; lastKnownFileType = text; path = larger.less; sourceTree = "<group>"; };
		AFA8DE231CD245970050582C /* list.less */ = {isa = PBXFileReference; fileEncoding = 4; lastKnownFileType = text; path = list.less; sourceTree = "<group>"; };
		AFA8DE241CD245970050582C /* mixins.less */ = {isa = PBXFileReference; fileEncoding = 4; lastKnownFileType = text; path = mixins.less; sourceTree = "<group>"; };
		AFA8DE251CD245970050582C /* path.less */ = {isa = PBXFileReference; fileEncoding = 4; lastKnownFileType = text; path = path.less; sourceTree = "<group>"; };
		AFA8DE261CD245970050582C /* rotated-flipped.less */ = {isa = PBXFileReference; fileEncoding = 4; lastKnownFileType = text; path = "rotated-flipped.less"; sourceTree = "<group>"; };
		AFA8DE271CD245970050582C /* screen-reader.less */ = {isa = PBXFileReference; fileEncoding = 4; lastKnownFileType = text; path = "screen-reader.less"; sourceTree = "<group>"; };
		AFA8DE281CD245970050582C /* stacked.less */ = {isa = PBXFileReference; fileEncoding = 4; lastKnownFileType = text; path = stacked.less; sourceTree = "<group>"; };
		AFA8DE291CD245970050582C /* variables.less */ = {isa = PBXFileReference; fileEncoding = 4; lastKnownFileType = text; path = variables.less; sourceTree = "<group>"; };
		AFA8DE2B1CD245970050582C /* _animated.scss */ = {isa = PBXFileReference; fileEncoding = 4; lastKnownFileType = text; path = _animated.scss; sourceTree = "<group>"; };
		AFA8DE2C1CD245970050582C /* _bordered-pulled.scss */ = {isa = PBXFileReference; fileEncoding = 4; lastKnownFileType = text; path = "_bordered-pulled.scss"; sourceTree = "<group>"; };
		AFA8DE2D1CD245970050582C /* _core.scss */ = {isa = PBXFileReference; fileEncoding = 4; lastKnownFileType = text; path = _core.scss; sourceTree = "<group>"; };
		AFA8DE2E1CD245970050582C /* _fixed-width.scss */ = {isa = PBXFileReference; fileEncoding = 4; lastKnownFileType = text; path = "_fixed-width.scss"; sourceTree = "<group>"; };
		AFA8DE2F1CD245970050582C /* _icons.scss */ = {isa = PBXFileReference; fileEncoding = 4; lastKnownFileType = text; path = _icons.scss; sourceTree = "<group>"; };
		AFA8DE301CD245970050582C /* _larger.scss */ = {isa = PBXFileReference; fileEncoding = 4; lastKnownFileType = text; path = _larger.scss; sourceTree = "<group>"; };
		AFA8DE311CD245970050582C /* _list.scss */ = {isa = PBXFileReference; fileEncoding = 4; lastKnownFileType = text; path = _list.scss; sourceTree = "<group>"; };
		AFA8DE321CD245970050582C /* _mixins.scss */ = {isa = PBXFileReference; fileEncoding = 4; lastKnownFileType = text; path = _mixins.scss; sourceTree = "<group>"; };
		AFA8DE331CD245970050582C /* _path.scss */ = {isa = PBXFileReference; fileEncoding = 4; lastKnownFileType = text; path = _path.scss; sourceTree = "<group>"; };
		AFA8DE341CD245970050582C /* _rotated-flipped.scss */ = {isa = PBXFileReference; fileEncoding = 4; lastKnownFileType = text; path = "_rotated-flipped.scss"; sourceTree = "<group>"; };
		AFA8DE351CD245970050582C /* _screen-reader.scss */ = {isa = PBXFileReference; fileEncoding = 4; lastKnownFileType = text; path = "_screen-reader.scss"; sourceTree = "<group>"; };
		AFA8DE361CD245970050582C /* _stacked.scss */ = {isa = PBXFileReference; fileEncoding = 4; lastKnownFileType = text; path = _stacked.scss; sourceTree = "<group>"; };
		AFA8DE371CD245970050582C /* _variables.scss */ = {isa = PBXFileReference; fileEncoding = 4; lastKnownFileType = text; path = _variables.scss; sourceTree = "<group>"; };
		AFA8DE381CD245970050582C /* font-awesome.scss */ = {isa = PBXFileReference; fileEncoding = 4; lastKnownFileType = text; path = "font-awesome.scss"; sourceTree = "<group>"; };
		AFF5AEE41CC627D10072C215 /* HTTPSSession.swift */ = {isa = PBXFileReference; fileEncoding = 4; lastKnownFileType = sourcecode.swift; path = HTTPSSession.swift; sourceTree = "<group>"; };
		C40D49AEE6517DD03886DD36 /* Pods_TB_Client_BuyerUITests.framework */ = {isa = PBXFileReference; explicitFileType = wrapper.framework; includeInIndex = 0; path = Pods_TB_Client_BuyerUITests.framework; sourceTree = BUILT_PRODUCTS_DIR; };
		EF459CA131F66F3D8B8EBFB8 /* Pods-TB_Client_Buyer.debug.xcconfig */ = {isa = PBXFileReference; includeInIndex = 1; lastKnownFileType = text.xcconfig; name = "Pods-TB_Client_Buyer.debug.xcconfig"; path = "Pods/Target Support Files/Pods-TB_Client_Buyer/Pods-TB_Client_Buyer.debug.xcconfig"; sourceTree = "<group>"; };
		F73E71136B205A5F346F28B6 /* Pods-TB_Client_BuyerUITests.release.xcconfig */ = {isa = PBXFileReference; includeInIndex = 1; lastKnownFileType = text.xcconfig; name = "Pods-TB_Client_BuyerUITests.release.xcconfig"; path = "Pods/Target Support Files/Pods-TB_Client_BuyerUITests/Pods-TB_Client_BuyerUITests.release.xcconfig"; sourceTree = "<group>"; };
/* End PBXFileReference section */

/* Begin PBXFrameworksBuildPhase section */
		AF90821A1CB54094003207A2 /* Frameworks */ = {
			isa = PBXFrameworksBuildPhase;
			buildActionMask = 2147483647;
			files = (
				3B1F1F0BEC4477AB32527E2E /* Pods_TB_Client_Buyer.framework in Frameworks */,
			);
			runOnlyForDeploymentPostprocessing = 0;
		};
		AF90822E1CB54094003207A2 /* Frameworks */ = {
			isa = PBXFrameworksBuildPhase;
			buildActionMask = 2147483647;
			files = (
				EF4F873FB8B9CB3FDF0D6546 /* Pods_TB_Client_BuyerTests.framework in Frameworks */,
			);
			runOnlyForDeploymentPostprocessing = 0;
		};
		AF9082391CB54094003207A2 /* Frameworks */ = {
			isa = PBXFrameworksBuildPhase;
			buildActionMask = 2147483647;
			files = (
				166A031BDAED46DCBD352937 /* Pods_TB_Client_BuyerUITests.framework in Frameworks */,
			);
			runOnlyForDeploymentPostprocessing = 0;
		};
/* End PBXFrameworksBuildPhase section */

/* Begin PBXGroup section */
		5B3382D0AD2F7922B27D8400 /* Frameworks */ = {
			isa = PBXGroup;
			children = (
				1201FCED0FE00765343D85C0 /* Pods_TB_Client_Buyer.framework */,
				6C0470D91EAEE0F026102A75 /* Pods_TB_Client_BuyerTests.framework */,
				C40D49AEE6517DD03886DD36 /* Pods_TB_Client_BuyerUITests.framework */,
			);
			name = Frameworks;
			sourceTree = "<group>";
		};
		61AA75AC852B2FB143CF7471 /* Pods */ = {
			isa = PBXGroup;
			children = (
				EF459CA131F66F3D8B8EBFB8 /* Pods-TB_Client_Buyer.debug.xcconfig */,
				0EC999B3F4781E96EEF6A26C /* Pods-TB_Client_Buyer.release.xcconfig */,
				01714B54A722D00A6D57CC0B /* Pods-TB_Client_BuyerTests.debug.xcconfig */,
				285657F07F396FC0E56953E8 /* Pods-TB_Client_BuyerTests.release.xcconfig */,
				5BCC0CFC8F930701CE58B961 /* Pods-TB_Client_BuyerUITests.debug.xcconfig */,
				F73E71136B205A5F346F28B6 /* Pods-TB_Client_BuyerUITests.release.xcconfig */,
			);
			name = Pods;
			sourceTree = "<group>";
		};
		AF0DB8A51CEF366700F4E17A /* DTO */ = {
			isa = PBXGroup;
			children = (
				AF0DB8A61CEF36E500F4E17A /* ReceiptPayDTO.swift */,
				AF2D12E01CF31D8F007661CD /* MessageDTO.swift */,
			);
			name = DTO;
			sourceTree = "<group>";
		};
		AF9082141CB54094003207A2 = {
			isa = PBXGroup;
			children = (
				AF2B48261CE9E7190083913E /* Settings.bundle */,
				AFA8DE0F1CD245970050582C /* font-awesome-4.6.1 */,
				AF90821F1CB54094003207A2 /* TB_Client_Buyer */,
				AF9082341CB54094003207A2 /* TB_Client_BuyerTests */,
				AF90823F1CB54094003207A2 /* TB_Client_BuyerUITests */,
				AF90821E1CB54094003207A2 /* Products */,
				61AA75AC852B2FB143CF7471 /* Pods */,
				5B3382D0AD2F7922B27D8400 /* Frameworks */,
			);
			sourceTree = "<group>";
		};
		AF90821E1CB54094003207A2 /* Products */ = {
			isa = PBXGroup;
			children = (
				AF90821D1CB54094003207A2 /* TB_Client_Buyer.app */,
				AF9082311CB54094003207A2 /* TB_Client_BuyerTests.xctest */,
				AF90823C1CB54094003207A2 /* TB_Client_BuyerUITests.xctest */,
			);
			name = Products;
			sourceTree = "<group>";
		};
		AF90821F1CB54094003207A2 /* TB_Client_Buyer */ = {
			isa = PBXGroup;
			children = (
				AFF5AEE81CC677F60072C215 /* Storyboard */,
				AF0DB8A51CEF366700F4E17A /* DTO */,
				AFF5AEE71CC639250072C215 /* Communications */,
				AFF5AEE61CC638F30072C215 /* ViewController */,
				AF9082201CB54094003207A2 /* AppDelegate.swift */,
				AF9082271CB54094003207A2 /* Assets.xcassets */,
				AF90822C1CB54094003207A2 /* Info.plist */,
				AF2B48281CE9F1EE0083913E /* Settings.swift */,
			);
			path = TB_Client_Buyer;
			sourceTree = "<group>";
		};
		AF9082341CB54094003207A2 /* TB_Client_BuyerTests */ = {
			isa = PBXGroup;
			children = (
				AF9082351CB54094003207A2 /* TB_Client_BuyerTests.swift */,
				AF9082371CB54094003207A2 /* Info.plist */,
			);
			path = TB_Client_BuyerTests;
			sourceTree = "<group>";
		};
		AF90823F1CB54094003207A2 /* TB_Client_BuyerUITests */ = {
			isa = PBXGroup;
			children = (
				AF9082401CB54094003207A2 /* TB_Client_BuyerUITests.swift */,
				AF9082421CB54094003207A2 /* Info.plist */,
			);
			path = TB_Client_BuyerUITests;
			sourceTree = "<group>";
		};
		AFA8DE0F1CD245970050582C /* font-awesome-4.6.1 */ = {
			isa = PBXGroup;
			children = (
				AFA8DE101CD245970050582C /* css */,
				AFA8DE131CD245970050582C /* fonts */,
				AFA8DE1A1CD245970050582C /* HELP-US-OUT.txt */,
				AFA8DE1B1CD245970050582C /* less */,
				AFA8DE2A1CD245970050582C /* scss */,
			);
			path = "font-awesome-4.6.1";
			sourceTree = "<group>";
		};
		AFA8DE101CD245970050582C /* css */ = {
			isa = PBXGroup;
			children = (
				AFA8DE111CD245970050582C /* font-awesome.css */,
				AFA8DE121CD245970050582C /* font-awesome.min.css */,
			);
			path = css;
			sourceTree = "<group>";
		};
		AFA8DE131CD245970050582C /* fonts */ = {
			isa = PBXGroup;
			children = (
				AFA8DE141CD245970050582C /* fontawesome-webfont.eot */,
				AFA8DE151CD245970050582C /* fontawesome-webfont.svg */,
				AFA8DE161CD245970050582C /* fontawesome-webfont.ttf */,
				AFA8DE171CD245970050582C /* fontawesome-webfont.woff */,
				AFA8DE181CD245970050582C /* fontawesome-webfont.woff2 */,
				AFA8DE191CD245970050582C /* FontAwesome.otf */,
			);
			path = fonts;
			sourceTree = "<group>";
		};
		AFA8DE1B1CD245970050582C /* less */ = {
			isa = PBXGroup;
			children = (
				AFA8DE1C1CD245970050582C /* animated.less */,
				AFA8DE1D1CD245970050582C /* bordered-pulled.less */,
				AFA8DE1E1CD245970050582C /* core.less */,
				AFA8DE1F1CD245970050582C /* fixed-width.less */,
				AFA8DE201CD245970050582C /* font-awesome.less */,
				AFA8DE211CD245970050582C /* icons.less */,
				AFA8DE221CD245970050582C /* larger.less */,
				AFA8DE231CD245970050582C /* list.less */,
				AFA8DE241CD245970050582C /* mixins.less */,
				AFA8DE251CD245970050582C /* path.less */,
				AFA8DE261CD245970050582C /* rotated-flipped.less */,
				AFA8DE271CD245970050582C /* screen-reader.less */,
				AFA8DE281CD245970050582C /* stacked.less */,
				AFA8DE291CD245970050582C /* variables.less */,
			);
			path = less;
			sourceTree = "<group>";
		};
		AFA8DE2A1CD245970050582C /* scss */ = {
			isa = PBXGroup;
			children = (
				AFA8DE2B1CD245970050582C /* _animated.scss */,
				AFA8DE2C1CD245970050582C /* _bordered-pulled.scss */,
				AFA8DE2D1CD245970050582C /* _core.scss */,
				AFA8DE2E1CD245970050582C /* _fixed-width.scss */,
				AFA8DE2F1CD245970050582C /* _icons.scss */,
				AFA8DE301CD245970050582C /* _larger.scss */,
				AFA8DE311CD245970050582C /* _list.scss */,
				AFA8DE321CD245970050582C /* _mixins.scss */,
				AFA8DE331CD245970050582C /* _path.scss */,
				AFA8DE341CD245970050582C /* _rotated-flipped.scss */,
				AFA8DE351CD245970050582C /* _screen-reader.scss */,
				AFA8DE361CD245970050582C /* _stacked.scss */,
				AFA8DE371CD245970050582C /* _variables.scss */,
				AFA8DE381CD245970050582C /* font-awesome.scss */,
			);
			path = scss;
			sourceTree = "<group>";
		};
		AFF5AEE61CC638F30072C215 /* ViewController */ = {
			isa = PBXGroup;
			children = (
				AF9082221CB54094003207A2 /* ViewControllerLogin.swift */,
				AF537ECA1CB5C12E006F6879 /* ViewControllerMenu.swift */,
				AF537ECC1CB5C39F006F6879 /* ViewControllerQR.swift */,
				AF537ECE1CB5C3CA006F6879 /* ViewControllerBLE.swift */,
				AF047EC01CBBBB7200E73B0A /* ViewControllerPayement.swift */,
			);
			name = ViewController;
			sourceTree = "<group>";
		};
		AFF5AEE71CC639250072C215 /* Communications */ = {
			isa = PBXGroup;
			children = (
				AFF5AEE41CC627D10072C215 /* HTTPSSession.swift */,
			);
			name = Communications;
			sourceTree = "<group>";
		};
		AFF5AEE81CC677F60072C215 /* Storyboard */ = {
			isa = PBXGroup;
			children = (
				AF9082241CB54094003207A2 /* Main.storyboard */,
				AF9082291CB54094003207A2 /* LaunchScreen.storyboard */,
			);
			name = Storyboard;
			sourceTree = "<group>";
		};
/* End PBXGroup section */

/* Begin PBXNativeTarget section */
		AF90821C1CB54094003207A2 /* TB_Client_Buyer */ = {
			isa = PBXNativeTarget;
			buildConfigurationList = AF9082451CB54094003207A2 /* Build configuration list for PBXNativeTarget "TB_Client_Buyer" */;
			buildPhases = (
				531C4BFC3CC0693BDAF1A8FE /* 📦 Check Pods Manifest.lock */,
				AF9082191CB54094003207A2 /* Sources */,
				AF90821A1CB54094003207A2 /* Frameworks */,
				AF90821B1CB54094003207A2 /* Resources */,
				1AFFA11FE7D065D0FBB3B846 /* 📦 Embed Pods Frameworks */,
				874479EFC8A5A3DEF34401FB /* 📦 Copy Pods Resources */,
			);
			buildRules = (
			);
			dependencies = (
			);
			name = TB_Client_Buyer;
			productName = TB_Client_Buyer;
			productReference = AF90821D1CB54094003207A2 /* TB_Client_Buyer.app */;
			productType = "com.apple.product-type.application";
		};
		AF9082301CB54094003207A2 /* TB_Client_BuyerTests */ = {
			isa = PBXNativeTarget;
			buildConfigurationList = AF9082481CB54094003207A2 /* Build configuration list for PBXNativeTarget "TB_Client_BuyerTests" */;
			buildPhases = (
				E82801A48373CD155EC832DA /* 📦 Check Pods Manifest.lock */,
				AF90822D1CB54094003207A2 /* Sources */,
				AF90822E1CB54094003207A2 /* Frameworks */,
				AF90822F1CB54094003207A2 /* Resources */,
				CC1B7725E3D326E354BEDF13 /* 📦 Embed Pods Frameworks */,
				88B6AFA27B2FD74E36E280F8 /* 📦 Copy Pods Resources */,
			);
			buildRules = (
			);
			dependencies = (
				AF9082331CB54094003207A2 /* PBXTargetDependency */,
			);
			name = TB_Client_BuyerTests;
			productName = TB_Client_BuyerTests;
			productReference = AF9082311CB54094003207A2 /* TB_Client_BuyerTests.xctest */;
			productType = "com.apple.product-type.bundle.unit-test";
		};
		AF90823B1CB54094003207A2 /* TB_Client_BuyerUITests */ = {
			isa = PBXNativeTarget;
			buildConfigurationList = AF90824B1CB54094003207A2 /* Build configuration list for PBXNativeTarget "TB_Client_BuyerUITests" */;
			buildPhases = (
				0611725057A8925D25976409 /* 📦 Check Pods Manifest.lock */,
				AF9082381CB54094003207A2 /* Sources */,
				AF9082391CB54094003207A2 /* Frameworks */,
				AF90823A1CB54094003207A2 /* Resources */,
				5D3B3C38A06E314B04945F25 /* 📦 Copy Pods Resources */,
			);
			buildRules = (
			);
			dependencies = (
				AF90823E1CB54094003207A2 /* PBXTargetDependency */,
			);
			name = TB_Client_BuyerUITests;
			productName = TB_Client_BuyerUITests;
			productReference = AF90823C1CB54094003207A2 /* TB_Client_BuyerUITests.xctest */;
			productType = "com.apple.product-type.bundle.ui-testing";
		};
/* End PBXNativeTarget section */

/* Begin PBXProject section */
		AF9082151CB54094003207A2 /* Project object */ = {
			isa = PBXProject;
			attributes = {
				LastSwiftUpdateCheck = 0730;
				LastUpgradeCheck = 0730;
				ORGANIZATIONNAME = "Bastian Gardel";
				TargetAttributes = {
					AF90821C1CB54094003207A2 = {
						CreatedOnToolsVersion = 7.3;
						DevelopmentTeam = TW7764H853;
						SystemCapabilities = {
							com.apple.BackgroundModes = {
								enabled = 0;
							};
							com.apple.DataProtection = {
								enabled = 1;
							};
						};
					};
					AF9082301CB54094003207A2 = {
						CreatedOnToolsVersion = 7.3;
						DevelopmentTeam = MGR2YCE68N;
						TestTargetID = AF90821C1CB54094003207A2;
					};
					AF90823B1CB54094003207A2 = {
						CreatedOnToolsVersion = 7.3;
						DevelopmentTeam = MGR2YCE68N;
						TestTargetID = AF90821C1CB54094003207A2;
					};
				};
			};
			buildConfigurationList = AF9082181CB54094003207A2 /* Build configuration list for PBXProject "TB_Client_Buyer" */;
			compatibilityVersion = "Xcode 3.2";
			developmentRegion = English;
			hasScannedForEncodings = 0;
			knownRegions = (
				en,
				Base,
			);
			mainGroup = AF9082141CB54094003207A2;
			productRefGroup = AF90821E1CB54094003207A2 /* Products */;
			projectDirPath = "";
			projectRoot = "";
			targets = (
				AF90821C1CB54094003207A2 /* TB_Client_Buyer */,
				AF9082301CB54094003207A2 /* TB_Client_BuyerTests */,
				AF90823B1CB54094003207A2 /* TB_Client_BuyerUITests */,
			);
		};
/* End PBXProject section */

/* Begin PBXResourcesBuildPhase section */
		AF90821B1CB54094003207A2 /* Resources */ = {
			isa = PBXResourcesBuildPhase;
			buildActionMask = 2147483647;
			files = (
				AFA8DE5D1CD245970050582C /* font-awesome.scss in Resources */,
				AFA8DE441CD245970050582C /* core.less in Resources */,
				AFA8DE411CD245970050582C /* HELP-US-OUT.txt in Resources */,
				AFA8DE4F1CD245970050582C /* variables.less in Resources */,
				AFA8DE491CD245970050582C /* list.less in Resources */,
				AF2B48271CE9E7190083913E /* Settings.bundle in Resources */,
				AFA8DE451CD245970050582C /* fixed-width.less in Resources */,
				AFA8DE391CD245970050582C /* font-awesome.css in Resources */,
				AFA8DE401CD245970050582C /* FontAwesome.otf in Resources */,
				AFA8DE4A1CD245970050582C /* mixins.less in Resources */,
				AFA8DE4D1CD245970050582C /* screen-reader.less in Resources */,
				AFA8DE481CD245970050582C /* larger.less in Resources */,
				AFA8DE581CD245970050582C /* _path.scss in Resources */,
				AFA8DE541CD245970050582C /* _icons.scss in Resources */,
				AFA8DE5C1CD245970050582C /* _variables.scss in Resources */,
				AF90822B1CB54094003207A2 /* LaunchScreen.storyboard in Resources */,
				AFA8DE5B1CD245970050582C /* _stacked.scss in Resources */,
				AFA8DE561CD245970050582C /* _list.scss in Resources */,
				AFA8DE571CD245970050582C /* _mixins.scss in Resources */,
				AFA8DE3E1CD245970050582C /* fontawesome-webfont.woff in Resources */,
				AFA8DE511CD245970050582C /* _bordered-pulled.scss in Resources */,
				AFA8DE3C1CD245970050582C /* fontawesome-webfont.svg in Resources */,
				AFA8DE4B1CD245970050582C /* path.less in Resources */,
				AFA8DE461CD245970050582C /* font-awesome.less in Resources */,
				AFA8DE421CD245970050582C /* animated.less in Resources */,
				AFA8DE551CD245970050582C /* _larger.scss in Resources */,
				AFA8DE3A1CD245970050582C /* font-awesome.min.css in Resources */,
				AFA8DE3F1CD245970050582C /* fontawesome-webfont.woff2 in Resources */,
				AFA8DE531CD245970050582C /* _fixed-width.scss in Resources */,
				AFA8DE431CD245970050582C /* bordered-pulled.less in Resources */,
				AFA8DE521CD245970050582C /* _core.scss in Resources */,
				AFA8DE4C1CD245970050582C /* rotated-flipped.less in Resources */,
				AFA8DE501CD245970050582C /* _animated.scss in Resources */,
				AFA8DE3B1CD245970050582C /* fontawesome-webfont.eot in Resources */,
				AFA8DE591CD245970050582C /* _rotated-flipped.scss in Resources */,
				AFA8DE3D1CD245970050582C /* fontawesome-webfont.ttf in Resources */,
				AFA8DE471CD245970050582C /* icons.less in Resources */,
				AF9082281CB54094003207A2 /* Assets.xcassets in Resources */,
				AFA8DE4E1CD245970050582C /* stacked.less in Resources */,
				AFA8DE5A1CD245970050582C /* _screen-reader.scss in Resources */,
				AF9082261CB54094003207A2 /* Main.storyboard in Resources */,
			);
			runOnlyForDeploymentPostprocessing = 0;
		};
		AF90822F1CB54094003207A2 /* Resources */ = {
			isa = PBXResourcesBuildPhase;
			buildActionMask = 2147483647;
			files = (
			);
			runOnlyForDeploymentPostprocessing = 0;
		};
		AF90823A1CB54094003207A2 /* Resources */ = {
			isa = PBXResourcesBuildPhase;
			buildActionMask = 2147483647;
			files = (
			);
			runOnlyForDeploymentPostprocessing = 0;
		};
/* End PBXResourcesBuildPhase section */

/* Begin PBXShellScriptBuildPhase section */
		0611725057A8925D25976409 /* 📦 Check Pods Manifest.lock */ = {
			isa = PBXShellScriptBuildPhase;
			buildActionMask = 2147483647;
			files = (
			);
			inputPaths = (
			);
			name = "📦 Check Pods Manifest.lock";
			outputPaths = (
			);
			runOnlyForDeploymentPostprocessing = 0;
			shellPath = /bin/sh;
			shellScript = "diff \"${PODS_ROOT}/../Podfile.lock\" \"${PODS_ROOT}/Manifest.lock\" > /dev/null\nif [[ $? != 0 ]] ; then\n    cat << EOM\nerror: The sandbox is not in sync with the Podfile.lock. Run 'pod install' or update your CocoaPods installation.\nEOM\n    exit 1\nfi\n";
			showEnvVarsInLog = 0;
		};
		1AFFA11FE7D065D0FBB3B846 /* 📦 Embed Pods Frameworks */ = {
			isa = PBXShellScriptBuildPhase;
			buildActionMask = 2147483647;
			files = (
			);
			inputPaths = (
			);
			name = "📦 Embed Pods Frameworks";
			outputPaths = (
			);
			runOnlyForDeploymentPostprocessing = 0;
			shellPath = /bin/sh;
			shellScript = "\"${SRCROOT}/Pods/Target Support Files/Pods-TB_Client_Buyer/Pods-TB_Client_Buyer-frameworks.sh\"\n";
			showEnvVarsInLog = 0;
		};
		531C4BFC3CC0693BDAF1A8FE /* 📦 Check Pods Manifest.lock */ = {
			isa = PBXShellScriptBuildPhase;
			buildActionMask = 2147483647;
			files = (
			);
			inputPaths = (
			);
			name = "📦 Check Pods Manifest.lock";
			outputPaths = (
			);
			runOnlyForDeploymentPostprocessing = 0;
			shellPath = /bin/sh;
			shellScript = "diff \"${PODS_ROOT}/../Podfile.lock\" \"${PODS_ROOT}/Manifest.lock\" > /dev/null\nif [[ $? != 0 ]] ; then\n    cat << EOM\nerror: The sandbox is not in sync with the Podfile.lock. Run 'pod install' or update your CocoaPods installation.\nEOM\n    exit 1\nfi\n";
			showEnvVarsInLog = 0;
		};
		5D3B3C38A06E314B04945F25 /* 📦 Copy Pods Resources */ = {
			isa = PBXShellScriptBuildPhase;
			buildActionMask = 2147483647;
			files = (
			);
			inputPaths = (
			);
			name = "📦 Copy Pods Resources";
			outputPaths = (
			);
			runOnlyForDeploymentPostprocessing = 0;
			shellPath = /bin/sh;
			shellScript = "\"${SRCROOT}/Pods/Target Support Files/Pods-TB_Client_BuyerUITests/Pods-TB_Client_BuyerUITests-resources.sh\"\n";
			showEnvVarsInLog = 0;
		};
		874479EFC8A5A3DEF34401FB /* 📦 Copy Pods Resources */ = {
			isa = PBXShellScriptBuildPhase;
			buildActionMask = 2147483647;
			files = (
			);
			inputPaths = (
			);
			name = "📦 Copy Pods Resources";
			outputPaths = (
			);
			runOnlyForDeploymentPostprocessing = 0;
			shellPath = /bin/sh;
			shellScript = "\"${SRCROOT}/Pods/Target Support Files/Pods-TB_Client_Buyer/Pods-TB_Client_Buyer-resources.sh\"\n";
			showEnvVarsInLog = 0;
		};
		88B6AFA27B2FD74E36E280F8 /* 📦 Copy Pods Resources */ = {
			isa = PBXShellScriptBuildPhase;
			buildActionMask = 2147483647;
			files = (
			);
			inputPaths = (
			);
			name = "📦 Copy Pods Resources";
			outputPaths = (
			);
			runOnlyForDeploymentPostprocessing = 0;
			shellPath = /bin/sh;
			shellScript = "\"${SRCROOT}/Pods/Target Support Files/Pods-TB_Client_BuyerTests/Pods-TB_Client_BuyerTests-resources.sh\"\n";
			showEnvVarsInLog = 0;
		};
		CC1B7725E3D326E354BEDF13 /* 📦 Embed Pods Frameworks */ = {
			isa = PBXShellScriptBuildPhase;
			buildActionMask = 2147483647;
			files = (
			);
			inputPaths = (
			);
			name = "📦 Embed Pods Frameworks";
			outputPaths = (
			);
			runOnlyForDeploymentPostprocessing = 0;
			shellPath = /bin/sh;
			shellScript = "\"${SRCROOT}/Pods/Target Support Files/Pods-TB_Client_BuyerTests/Pods-TB_Client_BuyerTests-frameworks.sh\"\n";
			showEnvVarsInLog = 0;
		};
		E82801A48373CD155EC832DA /* 📦 Check Pods Manifest.lock */ = {
			isa = PBXShellScriptBuildPhase;
			buildActionMask = 2147483647;
			files = (
			);
			inputPaths = (
			);
			name = "📦 Check Pods Manifest.lock";
			outputPaths = (
			);
			runOnlyForDeploymentPostprocessing = 0;
			shellPath = /bin/sh;
			shellScript = "diff \"${PODS_ROOT}/../Podfile.lock\" \"${PODS_ROOT}/Manifest.lock\" > /dev/null\nif [[ $? != 0 ]] ; then\n    cat << EOM\nerror: The sandbox is not in sync with the Podfile.lock. Run 'pod install' or update your CocoaPods installation.\nEOM\n    exit 1\nfi\n";
			showEnvVarsInLog = 0;
		};
/* End PBXShellScriptBuildPhase section */

/* Begin PBXSourcesBuildPhase section */
		AF9082191CB54094003207A2 /* Sources */ = {
			isa = PBXSourcesBuildPhase;
			buildActionMask = 2147483647;
			files = (
				AF537ECB1CB5C12E006F6879 /* ViewControllerMenu.swift in Sources */,
				AF2D12E11CF31D8F007661CD /* MessageDTO.swift in Sources */,
				AF0DB8A71CEF36E500F4E17A /* ReceiptPayDTO.swift in Sources */,
				AFF5AEE51CC627D10072C215 /* HTTPSSession.swift in Sources */,
				AF2B48291CE9F1EE0083913E /* Settings.swift in Sources */,
				AF047EC11CBBBB7300E73B0A /* ViewControllerPayement.swift in Sources */,
				AF9082231CB54094003207A2 /* ViewControllerLogin.swift in Sources */,
				AF537ECF1CB5C3CA006F6879 /* ViewControllerBLE.swift in Sources */,
				AF9082211CB54094003207A2 /* AppDelegate.swift in Sources */,
				AF537ECD1CB5C39F006F6879 /* ViewControllerQR.swift in Sources */,
			);
			runOnlyForDeploymentPostprocessing = 0;
		};
		AF90822D1CB54094003207A2 /* Sources */ = {
			isa = PBXSourcesBuildPhase;
			buildActionMask = 2147483647;
			files = (
				AF9082361CB54094003207A2 /* TB_Client_BuyerTests.swift in Sources */,
			);
			runOnlyForDeploymentPostprocessing = 0;
		};
		AF9082381CB54094003207A2 /* Sources */ = {
			isa = PBXSourcesBuildPhase;
			buildActionMask = 2147483647;
			files = (
				AF9082411CB54094003207A2 /* TB_Client_BuyerUITests.swift in Sources */,
			);
			runOnlyForDeploymentPostprocessing = 0;
		};
/* End PBXSourcesBuildPhase section */

/* Begin PBXTargetDependency section */
		AF9082331CB54094003207A2 /* PBXTargetDependency */ = {
			isa = PBXTargetDependency;
			target = AF90821C1CB54094003207A2 /* TB_Client_Buyer */;
			targetProxy = AF9082321CB54094003207A2 /* PBXContainerItemProxy */;
		};
		AF90823E1CB54094003207A2 /* PBXTargetDependency */ = {
			isa = PBXTargetDependency;
			target = AF90821C1CB54094003207A2 /* TB_Client_Buyer */;
			targetProxy = AF90823D1CB54094003207A2 /* PBXContainerItemProxy */;
		};
/* End PBXTargetDependency section */

/* Begin PBXVariantGroup section */
		AF9082241CB54094003207A2 /* Main.storyboard */ = {
			isa = PBXVariantGroup;
			children = (
				AF9082251CB54094003207A2 /* Base */,
			);
			name = Main.storyboard;
			sourceTree = "<group>";
		};
		AF9082291CB54094003207A2 /* LaunchScreen.storyboard */ = {
			isa = PBXVariantGroup;
			children = (
				AF90822A1CB54094003207A2 /* Base */,
			);
			name = LaunchScreen.storyboard;
			sourceTree = "<group>";
		};
/* End PBXVariantGroup section */

/* Begin XCBuildConfiguration section */
		AF9082431CB54094003207A2 /* Debug */ = {
			isa = XCBuildConfiguration;
			buildSettings = {
				ALWAYS_SEARCH_USER_PATHS = NO;
				CLANG_ANALYZER_NONNULL = YES;
				CLANG_CXX_LANGUAGE_STANDARD = "gnu++0x";
				CLANG_CXX_LIBRARY = "libc++";
				CLANG_ENABLE_MODULES = YES;
				CLANG_ENABLE_OBJC_ARC = YES;
				CLANG_WARN_BOOL_CONVERSION = YES;
				CLANG_WARN_CONSTANT_CONVERSION = YES;
				CLANG_WARN_DIRECT_OBJC_ISA_USAGE = YES_ERROR;
				CLANG_WARN_EMPTY_BODY = YES;
				CLANG_WARN_ENUM_CONVERSION = YES;
				CLANG_WARN_INT_CONVERSION = YES;
				CLANG_WARN_OBJC_ROOT_CLASS = YES_ERROR;
				CLANG_WARN_UNREACHABLE_CODE = YES;
				CLANG_WARN__DUPLICATE_METHOD_MATCH = YES;
				"CODE_SIGN_IDENTITY[sdk=iphoneos*]" = "iPhone Developer";
				COPY_PHASE_STRIP = NO;
				DEBUG_INFORMATION_FORMAT = dwarf;
				ENABLE_STRICT_OBJC_MSGSEND = YES;
				ENABLE_TESTABILITY = YES;
				GCC_C_LANGUAGE_STANDARD = gnu99;
				GCC_DYNAMIC_NO_PIC = NO;
				GCC_NO_COMMON_BLOCKS = YES;
				GCC_OPTIMIZATION_LEVEL = 0;
				GCC_PREPROCESSOR_DEFINITIONS = (
					"DEBUG=1",
					"$(inherited)",
				);
				GCC_WARN_64_TO_32_BIT_CONVERSION = YES;
				GCC_WARN_ABOUT_RETURN_TYPE = YES_ERROR;
				GCC_WARN_UNDECLARED_SELECTOR = YES;
				GCC_WARN_UNINITIALIZED_AUTOS = YES_AGGRESSIVE;
				GCC_WARN_UNUSED_FUNCTION = YES;
				GCC_WARN_UNUSED_VARIABLE = YES;
				IPHONEOS_DEPLOYMENT_TARGET = 9.3;
				MTL_ENABLE_DEBUG_INFO = YES;
				ONLY_ACTIVE_ARCH = YES;
				SDKROOT = iphoneos;
				SWIFT_OPTIMIZATION_LEVEL = "-Onone";
			};
			name = Debug;
		};
		AF9082441CB54094003207A2 /* Release */ = {
			isa = XCBuildConfiguration;
			buildSettings = {
				ALWAYS_SEARCH_USER_PATHS = NO;
				CLANG_ANALYZER_NONNULL = YES;
				CLANG_CXX_LANGUAGE_STANDARD = "gnu++0x";
				CLANG_CXX_LIBRARY = "libc++";
				CLANG_ENABLE_MODULES = YES;
				CLANG_ENABLE_OBJC_ARC = YES;
				CLANG_WARN_BOOL_CONVERSION = YES;
				CLANG_WARN_CONSTANT_CONVERSION = YES;
				CLANG_WARN_DIRECT_OBJC_ISA_USAGE = YES_ERROR;
				CLANG_WARN_EMPTY_BODY = YES;
				CLANG_WARN_ENUM_CONVERSION = YES;
				CLANG_WARN_INT_CONVERSION = YES;
				CLANG_WARN_OBJC_ROOT_CLASS = YES_ERROR;
				CLANG_WARN_UNREACHABLE_CODE = YES;
				CLANG_WARN__DUPLICATE_METHOD_MATCH = YES;
				"CODE_SIGN_IDENTITY[sdk=iphoneos*]" = "iPhone Developer";
				COPY_PHASE_STRIP = NO;
				DEBUG_INFORMATION_FORMAT = "dwarf-with-dsym";
				ENABLE_NS_ASSERTIONS = NO;
				ENABLE_STRICT_OBJC_MSGSEND = YES;
				GCC_C_LANGUAGE_STANDARD = gnu99;
				GCC_NO_COMMON_BLOCKS = YES;
				GCC_WARN_64_TO_32_BIT_CONVERSION = YES;
				GCC_WARN_ABOUT_RETURN_TYPE = YES_ERROR;
				GCC_WARN_UNDECLARED_SELECTOR = YES;
				GCC_WARN_UNINITIALIZED_AUTOS = YES_AGGRESSIVE;
				GCC_WARN_UNUSED_FUNCTION = YES;
				GCC_WARN_UNUSED_VARIABLE = YES;
				IPHONEOS_DEPLOYMENT_TARGET = 9.3;
				MTL_ENABLE_DEBUG_INFO = NO;
				SDKROOT = iphoneos;
				VALIDATE_PRODUCT = YES;
			};
			name = Release;
		};
		AF9082461CB54094003207A2 /* Debug */ = {
			isa = XCBuildConfiguration;
			baseConfigurationReference = EF459CA131F66F3D8B8EBFB8 /* Pods-TB_Client_Buyer.debug.xcconfig */;
			buildSettings = {
				ASSETCATALOG_COMPILER_APPICON_NAME = AppIcon;
				CODE_SIGN_IDENTITY = "iPhone Developer";
				"CODE_SIGN_IDENTITY[sdk=iphoneos*]" = "iPhone Developer";
				INFOPLIST_FILE = TB_Client_Buyer/Info.plist;
				LD_RUNPATH_SEARCH_PATHS = "$(inherited) @executable_path/Frameworks";
				PRODUCT_BUNDLE_IDENTIFIER = "ch.heig-vd.easypaybuyer";
				PRODUCT_NAME = "$(TARGET_NAME)";
				PROVISIONING_PROFILE = "";
			};
			name = Debug;
		};
		AF9082471CB54094003207A2 /* Release */ = {
			isa = XCBuildConfiguration;
			baseConfigurationReference = 0EC999B3F4781E96EEF6A26C /* Pods-TB_Client_Buyer.release.xcconfig */;
			buildSettings = {
				ASSETCATALOG_COMPILER_APPICON_NAME = AppIcon;
				CODE_SIGN_IDENTITY = "iPhone Developer";
				"CODE_SIGN_IDENTITY[sdk=iphoneos*]" = "iPhone Developer";
				INFOPLIST_FILE = TB_Client_Buyer/Info.plist;
				LD_RUNPATH_SEARCH_PATHS = "$(inherited) @executable_path/Frameworks";
				PRODUCT_BUNDLE_IDENTIFIER = "ch.heig-vd.easypaybuyer";
				PRODUCT_NAME = "$(TARGET_NAME)";
				PROVISIONING_PROFILE = "";
			};
			name = Release;
		};
		AF9082491CB54094003207A2 /* Debug */ = {
			isa = XCBuildConfiguration;
			baseConfigurationReference = 01714B54A722D00A6D57CC0B /* Pods-TB_Client_BuyerTests.debug.xcconfig */;
			buildSettings = {
				BUNDLE_LOADER = "$(TEST_HOST)";
				INFOPLIST_FILE = TB_Client_BuyerTests/Info.plist;
				LD_RUNPATH_SEARCH_PATHS = "$(inherited) @executable_path/Frameworks @loader_path/Frameworks";
				PRODUCT_BUNDLE_IDENTIFIER = "HEIG-VD.TB-Client-BuyerTests";
				PRODUCT_NAME = "$(TARGET_NAME)";
				TEST_HOST = "$(BUILT_PRODUCTS_DIR)/TB_Client_Buyer.app/TB_Client_Buyer";
			};
			name = Debug;
		};
		AF90824A1CB54094003207A2 /* Release */ = {
			isa = XCBuildConfiguration;
			baseConfigurationReference = 285657F07F396FC0E56953E8 /* Pods-TB_Client_BuyerTests.release.xcconfig */;
			buildSettings = {
				BUNDLE_LOADER = "$(TEST_HOST)";
				INFOPLIST_FILE = TB_Client_BuyerTests/Info.plist;
				LD_RUNPATH_SEARCH_PATHS = "$(inherited) @executable_path/Frameworks @loader_path/Frameworks";
				PRODUCT_BUNDLE_IDENTIFIER = "HEIG-VD.TB-Client-BuyerTests";
				PRODUCT_NAME = "$(TARGET_NAME)";
				TEST_HOST = "$(BUILT_PRODUCTS_DIR)/TB_Client_Buyer.app/TB_Client_Buyer";
			};
			name = Release;
		};
		AF90824C1CB54094003207A2 /* Debug */ = {
			isa = XCBuildConfiguration;
			baseConfigurationReference = 5BCC0CFC8F930701CE58B961 /* Pods-TB_Client_BuyerUITests.debug.xcconfig */;
			buildSettings = {
				INFOPLIST_FILE = TB_Client_BuyerUITests/Info.plist;
				LD_RUNPATH_SEARCH_PATHS = "$(inherited) @executable_path/Frameworks @loader_path/Frameworks";
				PRODUCT_BUNDLE_IDENTIFIER = "HEIG-VD.TB-Client-BuyerUITests";
				PRODUCT_NAME = "$(TARGET_NAME)";
				TEST_TARGET_NAME = TB_Client_Buyer;
			};
			name = Debug;
		};
		AF90824D1CB54094003207A2 /* Release */ = {
			isa = XCBuildConfiguration;
			baseConfigurationReference = F73E71136B205A5F346F28B6 /* Pods-TB_Client_BuyerUITests.release.xcconfig */;
			buildSettings = {
				INFOPLIST_FILE = TB_Client_BuyerUITests/Info.plist;
				LD_RUNPATH_SEARCH_PATHS = "$(inherited) @executable_path/Frameworks @loader_path/Frameworks";
				PRODUCT_BUNDLE_IDENTIFIER = "HEIG-VD.TB-Client-BuyerUITests";
				PRODUCT_NAME = "$(TARGET_NAME)";
				TEST_TARGET_NAME = TB_Client_Buyer;
			};
			name = Release;
		};
/* End XCBuildConfiguration section */

/* Begin XCConfigurationList section */
		AF9082181CB54094003207A2 /* Build configuration list for PBXProject "TB_Client_Buyer" */ = {
			isa = XCConfigurationList;
			buildConfigurations = (
				AF9082431CB54094003207A2 /* Debug */,
				AF9082441CB54094003207A2 /* Release */,
			);
			defaultConfigurationIsVisible = 0;
			defaultConfigurationName = Release;
		};
		AF9082451CB54094003207A2 /* Build configuration list for PBXNativeTarget "TB_Client_Buyer" */ = {
			isa = XCConfigurationList;
			buildConfigurations = (
				AF9082461CB54094003207A2 /* Debug */,
				AF9082471CB54094003207A2 /* Release */,
			);
			defaultConfigurationIsVisible = 0;
			defaultConfigurationName = Release;
		};
		AF9082481CB54094003207A2 /* Build configuration list for PBXNativeTarget "TB_Client_BuyerTests" */ = {
			isa = XCConfigurationList;
			buildConfigurations = (
				AF9082491CB54094003207A2 /* Debug */,
				AF90824A1CB54094003207A2 /* Release */,
			);
			defaultConfigurationIsVisible = 0;
			defaultConfigurationName = Release;
		};
		AF90824B1CB54094003207A2 /* Build configuration list for PBXNativeTarget "TB_Client_BuyerUITests" */ = {
			isa = XCConfigurationList;
			buildConfigurations = (
				AF90824C1CB54094003207A2 /* Debug */,
				AF90824D1CB54094003207A2 /* Release */,
			);
			defaultConfigurationIsVisible = 0;
			defaultConfigurationName = Release;
		};
/* End XCConfigurationList section */
	};
	rootObject = AF9082151CB54094003207A2 /* Project object */;
}
